
Microsoft Visual Studio Solution File, Format Version 12.00
# Visual Studio Version 16
VisualStudioVersion = 16.0.30503.244
MinimumVisualStudioVersion = 10.0.40219.1
Project("{FAE04EC0-301F-11D3-BF4B-00C04F79EFBC}") = "Snake Game", "Snake Game.csproj", "{D6DDA326-1805-4CED-BFCA-CA528C444BD7}"
EndProject
Global
	GlobalSection(SolutionConfigurationPlatforms) = preSolution
		Debug|Any CPU = Debug|Any CPU
		Release|Any CPU = Release|Any CPU
	EndGlobalSection
	GlobalSection(ProjectConfigurationPlatforms) = postSolution
		{D6DDA326-1805-4CED-BFCA-CA528C444BD7}.Debug|Any CPU.ActiveCfg = Debug|Any CPU
		{D6DDA326-1805-4CED-BFCA-CA528C444BD7}.Debug|Any CPU.Build.0 = Debug|Any CPU
		{D6DDA326-1805-4CED-BFCA-CA528C444BD7}.Release|Any CPU.ActiveCfg = Release|Any CPU
		{D6DDA326-1805-4CED-BFCA-CA528C444BD7}.Release|Any CPU.Build.0 = Release|Any CPU
	EndGlobalSection
	GlobalSection(SolutionProperties) = preSolution
		HideSolutionNode = FALSE
	EndGlobalSection
	GlobalSection(ExtensibilityGlobals) = postSolution
		SolutionGuid = {F257E269-A053-45A1-AD14-E548E21FABC9}
	EndGlobalSection
EndGlobal
